{
  "requires": true,
  "lockfileVersion": 1,
  "dependencies": {
    "accordion": {
      "version": "3.0.2",
      "resolved": "https://registry.npmjs.org/accordion/-/accordion-3.0.2.tgz",
      "integrity": "sha512-jbQfFaw+57OBwPt7qSNHuW+RA8smmRwkWRS1Ozh6K/QxUspBgBV/LpdSzlY7vee8TomS6j3D33B9rIeH1qMwsA=="
    }
  }
}
